<?xml version="1.0" encoding="utf-8"?>
<Project ToolsVersion="16.0" xmlns="http://schemas.microsoft.com/developer/msbuild/2003">
  <ItemGroup>
    <CustomBuild Include="C:\Users\mahaa\OneDrive - um5.ac.ma\Bureau\LML\sentencepiece\python\CMakeFiles\886d1b5493bfd8094bd80bba520c9f6f\PACKAGE_force.rule">
      <Filter>CMake Rules</Filter>
    </CustomBuild>
  </ItemGroup>
  <ItemGroup>
    <Filter Include="CMake Rules">
      <UniqueIdentifier>{F266E66B-D050-36BA-A2E9-B27E2B8C6D44}</UniqueIdentifier>
    </Filter>
  </ItemGroup>
</Project>
