<?xml version="1.0" encoding="utf-8"?>
<Project ToolsVersion="16.0" xmlns="http://schemas.microsoft.com/developer/msbuild/2003">
  <ItemGroup>
    <ClCompile Include="C:\Users\mahaa\OneDrive - um5.ac.ma\Bureau\LML\sentencepiece\third_party\protobuf-lite\arena.cc">
      <Filter>Source Files</Filter>
    </ClCompile>
    <ClCompile Include="C:\Users\mahaa\OneDrive - um5.ac.ma\Bureau\LML\sentencepiece\third_party\protobuf-lite\arenastring.cc">
      <Filter>Source Files</Filter>
    </ClCompile>
    <ClCompile Include="C:\Users\mahaa\OneDrive - um5.ac.ma\Bureau\LML\sentencepiece\third_party\protobuf-lite\bytestream.cc">
      <Filter>Source Files</Filter>
    </ClCompile>
    <ClCompile Include="C:\Users\mahaa\OneDrive - um5.ac.ma\Bureau\LML\sentencepiece\third_party\protobuf-lite\coded_stream.cc">
      <Filter>Source Files</Filter>
    </ClCompile>
    <ClCompile Include="C:\Users\mahaa\OneDrive - um5.ac.ma\Bureau\LML\sentencepiece\third_party\protobuf-lite\common.cc">
      <Filter>Source Files</Filter>
    </ClCompile>
    <ClCompile Include="C:\Users\mahaa\OneDrive - um5.ac.ma\Bureau\LML\sentencepiece\third_party\protobuf-lite\extension_set.cc">
      <Filter>Source Files</Filter>
    </ClCompile>
    <ClCompile Include="C:\Users\mahaa\OneDrive - um5.ac.ma\Bureau\LML\sentencepiece\third_party\protobuf-lite\generated_enum_util.cc">
      <Filter>Source Files</Filter>
    </ClCompile>
    <ClCompile Include="C:\Users\mahaa\OneDrive - um5.ac.ma\Bureau\LML\sentencepiece\third_party\protobuf-lite\generated_message_table_driven_lite.cc">
      <Filter>Source Files</Filter>
    </ClCompile>
    <ClCompile Include="C:\Users\mahaa\OneDrive - um5.ac.ma\Bureau\LML\sentencepiece\third_party\protobuf-lite\generated_message_util.cc">
      <Filter>Source Files</Filter>
    </ClCompile>
    <ClCompile Include="C:\Users\mahaa\OneDrive - um5.ac.ma\Bureau\LML\sentencepiece\third_party\protobuf-lite\implicit_weak_message.cc">
      <Filter>Source Files</Filter>
    </ClCompile>
    <ClCompile Include="C:\Users\mahaa\OneDrive - um5.ac.ma\Bureau\LML\sentencepiece\third_party\protobuf-lite\int128.cc">
      <Filter>Source Files</Filter>
    </ClCompile>
    <ClCompile Include="C:\Users\mahaa\OneDrive - um5.ac.ma\Bureau\LML\sentencepiece\third_party\protobuf-lite\io_win32.cc">
      <Filter>Source Files</Filter>
    </ClCompile>
    <ClCompile Include="C:\Users\mahaa\OneDrive - um5.ac.ma\Bureau\LML\sentencepiece\third_party\protobuf-lite\message_lite.cc">
      <Filter>Source Files</Filter>
    </ClCompile>
    <ClCompile Include="C:\Users\mahaa\OneDrive - um5.ac.ma\Bureau\LML\sentencepiece\third_party\protobuf-lite\parse_context.cc">
      <Filter>Source Files</Filter>
    </ClCompile>
    <ClCompile Include="C:\Users\mahaa\OneDrive - um5.ac.ma\Bureau\LML\sentencepiece\third_party\protobuf-lite\repeated_field.cc">
      <Filter>Source Files</Filter>
    </ClCompile>
    <ClCompile Include="C:\Users\mahaa\OneDrive - um5.ac.ma\Bureau\LML\sentencepiece\third_party\protobuf-lite\status.cc">
      <Filter>Source Files</Filter>
    </ClCompile>
    <ClCompile Include="C:\Users\mahaa\OneDrive - um5.ac.ma\Bureau\LML\sentencepiece\third_party\protobuf-lite\statusor.cc">
      <Filter>Source Files</Filter>
    </ClCompile>
    <ClCompile Include="C:\Users\mahaa\OneDrive - um5.ac.ma\Bureau\LML\sentencepiece\third_party\protobuf-lite\stringpiece.cc">
      <Filter>Source Files</Filter>
    </ClCompile>
    <ClCompile Include="C:\Users\mahaa\OneDrive - um5.ac.ma\Bureau\LML\sentencepiece\third_party\protobuf-lite\stringprintf.cc">
      <Filter>Source Files</Filter>
    </ClCompile>
    <ClCompile Include="C:\Users\mahaa\OneDrive - um5.ac.ma\Bureau\LML\sentencepiece\third_party\protobuf-lite\structurally_valid.cc">
      <Filter>Source Files</Filter>
    </ClCompile>
    <ClCompile Include="C:\Users\mahaa\OneDrive - um5.ac.ma\Bureau\LML\sentencepiece\third_party\protobuf-lite\strutil.cc">
      <Filter>Source Files</Filter>
    </ClCompile>
    <ClCompile Include="C:\Users\mahaa\OneDrive - um5.ac.ma\Bureau\LML\sentencepiece\third_party\protobuf-lite\time.cc">
      <Filter>Source Files</Filter>
    </ClCompile>
    <ClCompile Include="C:\Users\mahaa\OneDrive - um5.ac.ma\Bureau\LML\sentencepiece\third_party\protobuf-lite\wire_format_lite.cc">
      <Filter>Source Files</Filter>
    </ClCompile>
    <ClCompile Include="C:\Users\mahaa\OneDrive - um5.ac.ma\Bureau\LML\sentencepiece\third_party\protobuf-lite\zero_copy_stream.cc">
      <Filter>Source Files</Filter>
    </ClCompile>
    <ClCompile Include="C:\Users\mahaa\OneDrive - um5.ac.ma\Bureau\LML\sentencepiece\third_party\protobuf-lite\zero_copy_stream_impl.cc">
      <Filter>Source Files</Filter>
    </ClCompile>
    <ClCompile Include="C:\Users\mahaa\OneDrive - um5.ac.ma\Bureau\LML\sentencepiece\third_party\protobuf-lite\zero_copy_stream_impl_lite.cc">
      <Filter>Source Files</Filter>
    </ClCompile>
    <ClCompile Include="C:\Users\mahaa\OneDrive - um5.ac.ma\Bureau\LML\sentencepiece\src\builtin_pb\sentencepiece.pb.cc">
      <Filter>Source Files</Filter>
    </ClCompile>
    <ClCompile Include="C:\Users\mahaa\OneDrive - um5.ac.ma\Bureau\LML\sentencepiece\src\builtin_pb\sentencepiece_model.pb.cc">
      <Filter>Source Files</Filter>
    </ClCompile>
    <ClCompile Include="C:\Users\mahaa\OneDrive - um5.ac.ma\Bureau\LML\sentencepiece\src\bpe_model.cc">
      <Filter>Source Files</Filter>
    </ClCompile>
    <ClCompile Include="C:\Users\mahaa\OneDrive - um5.ac.ma\Bureau\LML\sentencepiece\src\char_model.cc">
      <Filter>Source Files</Filter>
    </ClCompile>
    <ClCompile Include="C:\Users\mahaa\OneDrive - um5.ac.ma\Bureau\LML\sentencepiece\src\error.cc">
      <Filter>Source Files</Filter>
    </ClCompile>
    <ClCompile Include="C:\Users\mahaa\OneDrive - um5.ac.ma\Bureau\LML\sentencepiece\src\filesystem.cc">
      <Filter>Source Files</Filter>
    </ClCompile>
    <ClCompile Include="C:\Users\mahaa\OneDrive - um5.ac.ma\Bureau\LML\sentencepiece\src\model_factory.cc">
      <Filter>Source Files</Filter>
    </ClCompile>
    <ClCompile Include="C:\Users\mahaa\OneDrive - um5.ac.ma\Bureau\LML\sentencepiece\src\model_interface.cc">
      <Filter>Source Files</Filter>
    </ClCompile>
    <ClCompile Include="C:\Users\mahaa\OneDrive - um5.ac.ma\Bureau\LML\sentencepiece\src\normalizer.cc">
      <Filter>Source Files</Filter>
    </ClCompile>
    <ClCompile Include="C:\Users\mahaa\OneDrive - um5.ac.ma\Bureau\LML\sentencepiece\src\sentencepiece_processor.cc">
      <Filter>Source Files</Filter>
    </ClCompile>
    <ClCompile Include="C:\Users\mahaa\OneDrive - um5.ac.ma\Bureau\LML\sentencepiece\src\unigram_model.cc">
      <Filter>Source Files</Filter>
    </ClCompile>
    <ClCompile Include="C:\Users\mahaa\OneDrive - um5.ac.ma\Bureau\LML\sentencepiece\src\util.cc">
      <Filter>Source Files</Filter>
    </ClCompile>
    <ClCompile Include="C:\Users\mahaa\OneDrive - um5.ac.ma\Bureau\LML\sentencepiece\src\word_model.cc">
      <Filter>Source Files</Filter>
    </ClCompile>
    <ClCompile Include="C:\Users\mahaa\OneDrive - um5.ac.ma\Bureau\LML\sentencepiece\third_party\absl\flags\flag.cc">
      <Filter>Source Files</Filter>
    </ClCompile>
  </ItemGroup>
  <ItemGroup>
    <ClInclude Include="C:\Users\mahaa\OneDrive - um5.ac.ma\Bureau\LML\sentencepiece\src\builtin_pb\sentencepiece.pb.h">
      <Filter>Header Files</Filter>
    </ClInclude>
    <ClInclude Include="C:\Users\mahaa\OneDrive - um5.ac.ma\Bureau\LML\sentencepiece\src\builtin_pb\sentencepiece_model.pb.h">
      <Filter>Header Files</Filter>
    </ClInclude>
    <ClInclude Include="C:\Users\mahaa\OneDrive - um5.ac.ma\Bureau\LML\sentencepiece\src\bpe_model.h">
      <Filter>Header Files</Filter>
    </ClInclude>
    <ClInclude Include="C:\Users\mahaa\OneDrive - um5.ac.ma\Bureau\LML\sentencepiece\src\common.h">
      <Filter>Header Files</Filter>
    </ClInclude>
    <ClInclude Include="C:\Users\mahaa\OneDrive - um5.ac.ma\Bureau\LML\sentencepiece\src\normalizer.h">
      <Filter>Header Files</Filter>
    </ClInclude>
    <ClInclude Include="C:\Users\mahaa\OneDrive - um5.ac.ma\Bureau\LML\sentencepiece\src\util.h">
      <Filter>Header Files</Filter>
    </ClInclude>
    <ClInclude Include="C:\Users\mahaa\OneDrive - um5.ac.ma\Bureau\LML\sentencepiece\src\freelist.h">
      <Filter>Header Files</Filter>
    </ClInclude>
    <ClInclude Include="C:\Users\mahaa\OneDrive - um5.ac.ma\Bureau\LML\sentencepiece\src\filesystem.h">
      <Filter>Header Files</Filter>
    </ClInclude>
    <ClInclude Include="C:\Users\mahaa\OneDrive - um5.ac.ma\Bureau\LML\sentencepiece\src\init.h">
      <Filter>Header Files</Filter>
    </ClInclude>
    <ClInclude Include="C:\Users\mahaa\OneDrive - um5.ac.ma\Bureau\LML\sentencepiece\src\sentencepiece_processor.h">
      <Filter>Header Files</Filter>
    </ClInclude>
    <ClInclude Include="C:\Users\mahaa\OneDrive - um5.ac.ma\Bureau\LML\sentencepiece\src\word_model.h">
      <Filter>Header Files</Filter>
    </ClInclude>
    <ClInclude Include="C:\Users\mahaa\OneDrive - um5.ac.ma\Bureau\LML\sentencepiece\src\model_factory.h">
      <Filter>Header Files</Filter>
    </ClInclude>
    <ClInclude Include="C:\Users\mahaa\OneDrive - um5.ac.ma\Bureau\LML\sentencepiece\src\char_model.h">
      <Filter>Header Files</Filter>
    </ClInclude>
    <ClInclude Include="C:\Users\mahaa\OneDrive - um5.ac.ma\Bureau\LML\sentencepiece\src\model_interface.h">
      <Filter>Header Files</Filter>
    </ClInclude>
    <ClInclude Include="C:\Users\mahaa\OneDrive - um5.ac.ma\Bureau\LML\sentencepiece\src\testharness.h">
      <Filter>Header Files</Filter>
    </ClInclude>
    <ClInclude Include="C:\Users\mahaa\OneDrive - um5.ac.ma\Bureau\LML\sentencepiece\src\unigram_model.h">
      <Filter>Header Files</Filter>
    </ClInclude>
  </ItemGroup>
  <ItemGroup>
    <CustomBuild Include="C:\Users\mahaa\OneDrive - um5.ac.ma\Bureau\LML\sentencepiece\src\CMakeLists.txt" />
  </ItemGroup>
  <ItemGroup>
    <Filter Include="Header Files">
      <UniqueIdentifier>{C0BD7BA9-49C9-3A35-A88E-FBA545A156C6}</UniqueIdentifier>
    </Filter>
    <Filter Include="Source Files">
      <UniqueIdentifier>{172634F3-15D5-372D-AA98-A618B83A1E14}</UniqueIdentifier>
    </Filter>
  </ItemGroup>
</Project>
